
Microsoft Visual Studio Solution File, Format Version 12.00
# Visual Studio Version 17
VisualStudioVersion = 17.6.33723.286
MinimumVisualStudioVersion = 10.0.40219.1
Project("{9A19103F-16F7-4668-BE54-9A1E7A4F7556}") = "Battleships.Tests", "Battleships.Tests\Battleships.Tests.csproj", "{764B128F-AF1A-44A4-9C82-5BCA14A0AE5B}"
EndProject
Project("{9A19103F-16F7-4668-BE54-9A1E7A4F7556}") = "Battleships", "Battleships\Battleships.csproj", "{42D11E29-ED5B-425C-9D5F-AAA31016762B}"
EndProject
Global
	GlobalSection(SolutionConfigurationPlatforms) = preSolution
		Debug|Any CPU = Debug|Any CPU
		Release|Any CPU = Release|Any CPU
	EndGlobalSection
	GlobalSection(ProjectConfigurationPlatforms) = postSolution
		{764B128F-AF1A-44A4-9C82-5BCA14A0AE5B}.Debug|Any CPU.ActiveCfg = Debug|Any CPU
		{764B128F-AF1A-44A4-9C82-5BCA14A0AE5B}.Debug|Any CPU.Build.0 = Debug|Any CPU
		{764B128F-AF1A-44A4-9C82-5BCA14A0AE5B}.Release|Any CPU.ActiveCfg = Release|Any CPU
		{764B128F-AF1A-44A4-9C82-5BCA14A0AE5B}.Release|Any CPU.Build.0 = Release|Any CPU
		{42D11E29-ED5B-425C-9D5F-AAA31016762B}.Debug|Any CPU.ActiveCfg = Debug|Any CPU
		{42D11E29-ED5B-425C-9D5F-AAA31016762B}.Debug|Any CPU.Build.0 = Debug|Any CPU
		{42D11E29-ED5B-425C-9D5F-AAA31016762B}.Release|Any CPU.ActiveCfg = Release|Any CPU
		{42D11E29-ED5B-425C-9D5F-AAA31016762B}.Release|Any CPU.Build.0 = Release|Any CPU
	EndGlobalSection
	GlobalSection(SolutionProperties) = preSolution
		HideSolutionNode = FALSE
	EndGlobalSection
	GlobalSection(ExtensibilityGlobals) = postSolution
		SolutionGuid = {93A0FAC9-502B-4EE5-A0D8-139648A1C065}
	EndGlobalSection
EndGlobal
